
Microsoft Visual Studio Solution File, Format Version 12.00
# Visual Studio Version 16
VisualStudioVersion = 16.0.31729.503
MinimumVisualStudioVersion = 10.0.40219.1
Project("{FAE04EC0-301F-11D3-BF4B-00C04F79EFBC}") = "day_16", "day_16.csproj", "{7D79FF2A-6D33-44AD-A2E8-CE15A55C7BA6}"
EndProject
Global
	GlobalSection(SolutionConfigurationPlatforms) = preSolution
		Debug|Any CPU = Debug|Any CPU
		Release|Any CPU = Release|Any CPU
	EndGlobalSection
	GlobalSection(ProjectConfigurationPlatforms) = postSolution
		{7D79FF2A-6D33-44AD-A2E8-CE15A55C7BA6}.Debug|Any CPU.ActiveCfg = Debug|Any CPU
		{7D79FF2A-6D33-44AD-A2E8-CE15A55C7BA6}.Debug|Any CPU.Build.0 = Debug|Any CPU
		{7D79FF2A-6D33-44AD-A2E8-CE15A55C7BA6}.Release|Any CPU.ActiveCfg = Release|Any CPU
		{7D79FF2A-6D33-44AD-A2E8-CE15A55C7BA6}.Release|Any CPU.Build.0 = Release|Any CPU
	EndGlobalSection
	GlobalSection(SolutionProperties) = preSolution
		HideSolutionNode = FALSE
	EndGlobalSection
	GlobalSection(ExtensibilityGlobals) = postSolution
		SolutionGuid = {98C865A2-0E2D-4E28-92A5-7C743FCC2F9F}
	EndGlobalSection
EndGlobal
